
Microsoft Visual Studio Solution File, Format Version 9.00
# Visual Studio 2005
Project("{8BC9CEB8-8B4A-11D0-8D11-00A0C91BC942}") = "simple_imperx", "simple_imperx.vcproj", "{59807921-268C-4C4B-BB63-D643E6425463}"
EndProject
Global
	GlobalSection(SolutionConfigurationPlatforms) = preSolution
		Debug|Win32 = Debug|Win32
		Release|Win32 = Release|Win32
	EndGlobalSection
	GlobalSection(ProjectConfigurationPlatforms) = postSolution
		{59807921-268C-4C4B-BB63-D643E6425463}.Debug|Win32.ActiveCfg = Debug|Win32
		{59807921-268C-4C4B-BB63-D643E6425463}.Debug|Win32.Build.0 = Debug|Win32
		{59807921-268C-4C4B-BB63-D643E6425463}.Release|Win32.ActiveCfg = Release|Win32
		{59807921-268C-4C4B-BB63-D643E6425463}.Release|Win32.Build.0 = Release|Win32
	EndGlobalSection
	GlobalSection(SolutionProperties) = preSolution
		HideSolutionNode = FALSE
	EndGlobalSection
EndGlobal
